// !$*UTF8*$!
{
	archiveVersion = 1;
	classes = {
	};
	objectVersion = 56;
	objects = {

/* Begin PBXBuildFile section */
		118F67262AEE101100271961 /* Agbalumo-Regular.ttf in Resources */ = {isa = PBXBuildFile; fileRef = 118F67252AEE101100271961 /* Agbalumo-Regular.ttf */; };
		118F67282AEE101F00271961 /* AmaticSC-Regular.ttf in Resources */ = {isa = PBXBuildFile; fileRef = 118F67272AEE101F00271961 /* AmaticSC-Regular.ttf */; };
		118F672A2AEE102B00271961 /* Cinzel-VariableFont_wght.ttf in Resources */ = {isa = PBXBuildFile; fileRef = 118F67292AEE102B00271961 /* Cinzel-VariableFont_wght.ttf */; };
		11C681902ADFE88400D1FA24 /* GreetingAssignmentApp.swift in Sources */ = {isa = PBXBuildFile; fileRef = 11C6818F2ADFE88400D1FA24 /* GreetingAssignmentApp.swift */; };
		11C681922ADFE88400D1FA24 /* ContentView.swift in Sources */ = {isa = PBXBuildFile; fileRef = 11C681912ADFE88400D1FA24 /* ContentView.swift */; };
		11C681942ADFE88600D1FA24 /* Assets.xcassets in Resources */ = {isa = PBXBuildFile; fileRef = 11C681932ADFE88600D1FA24 /* Assets.xcassets */; };
		11C681972ADFE88600D1FA24 /* Preview Assets.xcassets in Resources */ = {isa = PBXBuildFile; fileRef = 11C681962ADFE88600D1FA24 /* Preview Assets.xcassets */; };
/* End PBXBuildFile section */

/* Begin PBXFileReference section */
		118F67252AEE101100271961 /* Agbalumo-Regular.ttf */ = {isa = PBXFileReference; lastKnownFileType = file; path = "Agbalumo-Regular.ttf"; sourceTree = "<group>"; };
		118F67272AEE101F00271961 /* AmaticSC-Regular.ttf */ = {isa = PBXFileReference; lastKnownFileType = file; path = "AmaticSC-Regular.ttf"; sourceTree = "<group>"; };
		118F67292AEE102B00271961 /* Cinzel-VariableFont_wght.ttf */ = {isa = PBXFileReference; lastKnownFileType = file; path = "Cinzel-VariableFont_wght.ttf"; sourceTree = "<group>"; };
		118F672B2AEE113400271961 /* Info.plist */ = {isa = PBXFileReference; lastKnownFileType = text.plist; path = Info.plist; sourceTree = "<group>"; };
		11C6818C2ADFE88400D1FA24 /* GreetingAssignment.app */ = {isa = PBXFileReference; explicitFileType = wrapper.application; includeInIndex = 0; path = GreetingAssignment.app; sourceTree = BUILT_PRODUCTS_DIR; };
		11C6818F2ADFE88400D1FA24 /* GreetingAssignmentApp.swift */ = {isa = PBXFileReference; lastKnownFileType = sourcecode.swift; path = GreetingAssignmentApp.swift; sourceTree = "<group>"; };
		11C681912ADFE88400D1FA24 /* ContentView.swift */ = {isa = PBXFileReference; lastKnownFileType = sourcecode.swift; path = ContentView.swift; sourceTree = "<group>"; };
		11C681932ADFE88600D1FA24 /* Assets.xcassets */ = {isa = PBXFileReference; lastKnownFileType = folder.assetcatalog; path = Assets.xcassets; sourceTree = "<group>"; };
		11C681962ADFE88600D1FA24 /* Preview Assets.xcassets */ = {isa = PBXFileReference; lastKnownFileType = folder.assetcatalog; path = "Preview Assets.xcassets"; sourceTree = "<group>"; };
/* End PBXFileReference section */

/* Begin PBXFrameworksBuildPhase section */
		11C681892ADFE88400D1FA24 /* Frameworks */ = {
			isa = PBXFrameworksBuildPhase;
			buildActionMask = 2147483647;
			files = (
			);
			runOnlyForDeploymentPostprocessing = 0;
		};
/* End PBXFrameworksBuildPhase section */

/* Begin PBXGroup section */
		118F67242AEE100100271961 /* fonts */ = {
			isa = PBXGroup;
			children = (
				118F67292AEE102B00271961 /* Cinzel-VariableFont_wght.ttf */,
				118F67272AEE101F00271961 /* AmaticSC-Regular.ttf */,
				118F67252AEE101100271961 /* Agbalumo-Regular.ttf */,
			);
			path = fonts;
			sourceTree = "<group>";
		};
		11C681832ADFE88400D1FA24 = {
			isa = PBXGroup;
			children = (
				11C6818E2ADFE88400D1FA24 /* GreetingAssignment */,
				11C6818D2ADFE88400D1FA24 /* Products */,
			);
			sourceTree = "<group>";
		};
		11C6818D2ADFE88400D1FA24 /* Products */ = {
			isa = PBXGroup;
			children = (
				11C6818C2ADFE88400D1FA24 /* GreetingAssignment.app */,
			);
			name = Products;
			sourceTree = "<group>";
		};
		11C6818E2ADFE88400D1FA24 /* GreetingAssignment */ = {
			isa = PBXGroup;
			children = (
				118F672B2AEE113400271961 /* Info.plist */,
				118F67242AEE100100271961 /* fonts */,
				11C6818F2ADFE88400D1FA24 /* GreetingAssignmentApp.swift */,
				11C681912ADFE88400D1FA24 /* ContentView.swift */,
				11C681932ADFE88600D1FA24 /* Assets.xcassets */,
				11C681952ADFE88600D1FA24 /* Preview Content */,
			);
			path = GreetingAssignment;
			sourceTree = "<group>";
		};
		11C681952ADFE88600D1FA24 /* Preview Content */ = {
			isa = PBXGroup;
			children = (
				11C681962ADFE88600D1FA24 /* Preview Assets.xcassets */,
			);
			path = "Preview Content";
			sourceTree = "<group>";
		};
/* End PBXGroup section */

/* Begin PBXNativeTarget section */
		11C6818B2ADFE88400D1FA24 /* GreetingAssignment */ = {
			isa = PBXNativeTarget;
			buildConfigurationList = 11C6819A2ADFE88600D1FA24 /* Build configuration list for PBXNativeTarget "GreetingAssignment" */;
			buildPhases = (
				11C681882ADFE88400D1FA24 /* Sources */,
				11C681892ADFE88400D1FA24 /* Frameworks */,
				11C6818A2ADFE88400D1FA24 /* Resources */,
			);
			buildRules = (
			);
			dependencies = (
			);
			name = GreetingAssignment;
			productName = GreetingAssignment;
			productReference = 11C6818C2ADFE88400D1FA24 /* GreetingAssignment.app */;
			productType = "com.apple.product-type.application";
		};
/* End PBXNativeTarget section */

/* Begin PBXProject section */
		11C681842ADFE88400D1FA24 /* Project object */ = {
			isa = PBXProject;
			attributes = {
				BuildIndependentTargetsInParallel = 1;
				LastSwiftUpdateCheck = 1500;
				LastUpgradeCheck = 1500;
				TargetAttributes = {
					11C6818B2ADFE88400D1FA24 = {
						CreatedOnToolsVersion = 15.0;
					};
				};
			};
			buildConfigurationList = 11C681872ADFE88400D1FA24 /* Build configuration list for PBXProject "GreetingAssignment" */;
			compatibilityVersion = "Xcode 14.0";
			developmentRegion = en;
			hasScannedForEncodings = 0;
			knownRegions = (
				en,
				Base,
			);
			mainGroup = 11C681832ADFE88400D1FA24;
			productRefGroup = 11C6818D2ADFE88400D1FA24 /* Products */;
			projectDirPath = "";
			projectRoot = "";
			targets = (
				11C6818B2ADFE88400D1FA24 /* GreetingAssignment */,
			);
		};
/* End PBXProject section */

/* Begin PBXResourcesBuildPhase section */
		11C6818A2ADFE88400D1FA24 /* Resources */ = {
			isa = PBXResourcesBuildPhase;
			buildActionMask = 2147483647;
			files = (
				118F67282AEE101F00271961 /* AmaticSC-Regular.ttf in Resources */,
				11C681972ADFE88600D1FA24 /* Preview Assets.xcassets in Resources */,
				11C681942ADFE88600D1FA24 /* Assets.xcassets in Resources */,
				118F672A2AEE102B00271961 /* Cinzel-VariableFont_wght.ttf in Resources */,
				118F67262AEE101100271961 /* Agbalumo-Regular.ttf in Resources */,
			);
			runOnlyForDeploymentPostprocessing = 0;
		};
/* End PBXResourcesBuildPhase section */

/* Begin PBXSourcesBuildPhase section */
		11C681882ADFE88400D1FA24 /* Sources */ = {
			isa = PBXSourcesBuildPhase;
			buildActionMask = 2147483647;
			files = (
				11C681922ADFE88400D1FA24 /* ContentView.swift in Sources */,
				11C681902ADFE88400D1FA24 /* GreetingAssignmentApp.swift in Sources */,
			);
			runOnlyForDeploymentPostprocessing = 0;
		};
/* End PBXSourcesBuildPhase section */

/* Begin XCBuildConfiguration section */
		11C681982ADFE88600D1FA24 /* Debug */ = {
			isa = XCBuildConfiguration;
			buildSettings = {
				ALWAYS_SEARCH_USER_PATHS = NO;
				ASSETCATALOG_COMPILER_GENERATE_SWIFT_ASSET_SYMBOL_EXTENSIONS = YES;
				CLANG_ANALYZER_NONNULL = YES;
				CLANG_ANALYZER_NUMBER_OBJECT_CONVERSION = YES_AGGRESSIVE;
				CLANG_CXX_LANGUAGE_STANDARD = "gnu++20";
				CLANG_ENABLE_MODULES = YES;
				CLANG_ENABLE_OBJC_ARC = YES;
				CLANG_ENABLE_OBJC_WEAK = YES;
				CLANG_WARN_BLOCK_CAPTURE_AUTORELEASING = YES;
				CLANG_WARN_BOOL_CONVERSION = YES;
				CLANG_WARN_COMMA = YES;
				CLANG_WARN_CONSTANT_CONVERSION = YES;
				CLANG_WARN_DEPRECATED_OBJC_IMPLEMENTATIONS = YES;
				CLANG_WARN_DIRECT_OBJC_ISA_USAGE = YES_ERROR;
				CLANG_WARN_DOCUMENTATION_COMMENTS = YES;
				CLANG_WARN_EMPTY_BODY = YES;
				CLANG_WARN_ENUM_CONVERSION = YES;
				CLANG_WARN_INFINITE_RECURSION = YES;
				CLANG_WARN_INT_CONVERSION = YES;
				CLANG_WARN_NON_LITERAL_NULL_CONVERSION = YES;
				CLANG_WARN_OBJC_IMPLICIT_RETAIN_SELF = YES;
				CLANG_WARN_OBJC_LITERAL_CONVERSION = YES;
				CLANG_WARN_OBJC_ROOT_CLASS = YES_ERROR;
				CLANG_WARN_QUOTED_INCLUDE_IN_FRAMEWORK_HEADER = YES;
				CLANG_WARN_RANGE_LOOP_ANALYSIS = YES;
				CLANG_WARN_STRICT_PROTOTYPES = YES;
				CLANG_WARN_SUSPICIOUS_MOVE = YES;
				CLANG_WARN_UNGUARDED_AVAILABILITY = YES_AGGRESSIVE;
				CLANG_WARN_UNREACHABLE_CODE = YES;
				CLANG_WARN__DUPLICATE_METHOD_MATCH = YES;
				COPY_PHASE_STRIP = NO;
				DEBUG_INFORMATION_FORMAT = dwarf;
				ENABLE_STRICT_OBJC_MSGSEND = YES;
				ENABLE_TESTABILITY = YES;
				ENABLE_USER_SCRIPT_SANDBOXING = YES;
				GCC_C_LANGUAGE_STANDARD = gnu17;
				GCC_DYNAMIC_NO_PIC = NO;
				GCC_NO_COMMON_BLOCKS = YES;
				GCC_OPTIMIZATION_LEVEL = 0;
				GCC_PREPROCESSOR_DEFINITIONS = (
					"DEBUG=1",
					"$(inherited)",
				);
				GCC_WARN_64_TO_32_BIT_CONVERSION = YES;
				GCC_WARN_ABOUT_RETURN_TYPE = YES_ERROR;
				GCC_WARN_UNDECLARED_SELECTOR = YES;
				GCC_WARN_UNINITIALIZED_AUTOS = YES_AGGRESSIVE;
				GCC_WARN_UNUSED_FUNCTION = YES;
				GCC_WARN_UNUSED_VARIABLE = YES;
				IPHONEOS_DEPLOYMENT_TARGET = 17.0;
				LOCALIZATION_PREFERS_STRING_CATALOGS = YES;
				MTL_ENABLE_DEBUG_INFO = INCLUDE_SOURCE;
				MTL_FAST_MATH = YES;
				ONLY_ACTIVE_ARCH = YES;
				SDKROOT = iphoneos;
				SWIFT_ACTIVE_COMPILATION_CONDITIONS = "DEBUG $(inherited)";
				SWIFT_OPTIMIZATION_LEVEL = "-Onone";
			};
			name = Debug;
		};
		11C681992ADFE88600D1FA24 /* Release */ = {
			isa = XCBuildConfiguration;
			buildSettings = {
				ALWAYS_SEARCH_USER_PATHS = NO;
				ASSETCATALOG_COMPILER_GENERATE_SWIFT_ASSET_SYMBOL_EXTENSIONS = YES;
				CLANG_ANALYZER_NONNULL = YES;
				CLANG_ANALYZER_NUMBER_OBJECT_CONVERSION = YES_AGGRESSIVE;
				CLANG_CXX_LANGUAGE_STANDARD = "gnu++20";
				CLANG_ENABLE_MODULES = YES;
				CLANG_ENABLE_OBJC_ARC = YES;
				CLANG_ENABLE_OBJC_WEAK = YES;
				CLANG_WARN_BLOCK_CAPTURE_AUTORELEASING = YES;
				CLANG_WARN_BOOL_CONVERSION = YES;
				CLANG_WARN_COMMA = YES;
				CLANG_WARN_CONSTANT_CONVERSION = YES;
				CLANG_WARN_DEPRECATED_OBJC_IMPLEMENTATIONS = YES;
				CLANG_WARN_DIRECT_OBJC_ISA_USAGE = YES_ERROR;
				CLANG_WARN_DOCUMENTATION_COMMENTS = YES;
				CLANG_WARN_EMPTY_BODY = YES;
				CLANG_WARN_ENUM_CONVERSION = YES;
				CLANG_WARN_INFINITE_RECURSION = YES;
				CLANG_WARN_INT_CONVERSION = YES;
				CLANG_WARN_NON_LITERAL_NULL_CONVERSION = YES;
				CLANG_WARN_OBJC_IMPLICIT_RETAIN_SELF = YES;
				CLANG_WARN_OBJC_LITERAL_CONVERSION = YES;
				CLANG_WARN_OBJC_ROOT_CLASS = YES_ERROR;
				CLANG_WARN_QUOTED_INCLUDE_IN_FRAMEWORK_HEADER = YES;
				CLANG_WARN_RANGE_LOOP_ANALYSIS = YES;
				CLANG_WARN_STRICT_PROTOTYPES = YES;
				CLANG_WARN_SUSPICIOUS_MOVE = YES;
				CLANG_WARN_UNGUARDED_AVAILABILITY = YES_AGGRESSIVE;
				CLANG_WARN_UNREACHABLE_CODE = YES;
				CLANG_WARN__DUPLICATE_METHOD_MATCH = YES;
				COPY_PHASE_STRIP = NO;
				DEBUG_INFORMATION_FORMAT = "dwarf-with-dsym";
				ENABLE_NS_ASSERTIONS = NO;
				ENABLE_STRICT_OBJC_MSGSEND = YES;
				ENABLE_USER_SCRIPT_SANDBOXING = YES;
				GCC_C_LANGUAGE_STANDARD = gnu17;
				GCC_NO_COMMON_BLOCKS = YES;
				GCC_WARN_64_TO_32_BIT_CONVERSION = YES;
				GCC_WARN_ABOUT_RETURN_TYPE = YES_ERROR;
				GCC_WARN_UNDECLARED_SELECTOR = YES;
				GCC_WARN_UNINITIALIZED_AUTOS = YES_AGGRESSIVE;
				GCC_WARN_UNUSED_FUNCTION = YES;
				GCC_WARN_UNUSED_VARIABLE = YES;
				IPHONEOS_DEPLOYMENT_TARGET = 17.0;
				LOCALIZATION_PREFERS_STRING_CATALOGS = YES;
				MTL_ENABLE_DEBUG_INFO = NO;
				MTL_FAST_MATH = YES;
				SDKROOT = iphoneos;
				SWIFT_COMPILATION_MODE = wholemodule;
				VALIDATE_PRODUCT = YES;
			};
			name = Release;
		};
		11C6819B2ADFE88600D1FA24 /* Debug */ = {
			isa = XCBuildConfiguration;
			buildSettings = {
				ASSETCATALOG_COMPILER_APPICON_NAME = AppIcon;
				ASSETCATALOG_COMPILER_GLOBAL_ACCENT_COLOR_NAME = AccentColor;
				CODE_SIGN_STYLE = Automatic;
				CURRENT_PROJECT_VERSION = 1;
				DEVELOPMENT_ASSET_PATHS = "\"GreetingAssignment/Preview Content\"";
				ENABLE_PREVIEWS = YES;
				GENERATE_INFOPLIST_FILE = YES;
				INFOPLIST_FILE = GreetingAssignment/Info.plist;
				INFOPLIST_KEY_UIApplicationSceneManifest_Generation = YES;
				INFOPLIST_KEY_UIApplicationSupportsIndirectInputEvents = YES;
				INFOPLIST_KEY_UILaunchScreen_Generation = YES;
				INFOPLIST_KEY_UISupportedInterfaceOrientations = UIInterfaceOrientationPortrait;
				INFOPLIST_KEY_UISupportedInterfaceOrientations_iPad = "UIInterfaceOrientationPortrait UIInterfaceOrientationPortraitUpsideDown";
				LD_RUNPATH_SEARCH_PATHS = (
					"$(inherited)",
					"@executable_path/Frameworks",
				);
				MARKETING_VERSION = 1.0;
				PRODUCT_BUNDLE_IDENTIFIER = lex.GreetingAssignment;
				PRODUCT_NAME = "$(TARGET_NAME)";
				SWIFT_EMIT_LOC_STRINGS = YES;
				SWIFT_VERSION = 5.0;
				TARGETED_DEVICE_FAMILY = "1,2";
			};
			name = Debug;
		};
		11C6819C2ADFE88600D1FA24 /* Release */ = {
			isa = XCBuildConfiguration;
			buildSettings = {
				ASSETCATALOG_COMPILER_APPICON_NAME = AppIcon;
				ASSETCATALOG_COMPILER_GLOBAL_ACCENT_COLOR_NAME = AccentColor;
				CODE_SIGN_STYLE = Automatic;
				CURRENT_PROJECT_VERSION = 1;
				DEVELOPMENT_ASSET_PATHS = "\"GreetingAssignment/Preview Content\"";
				ENABLE_PREVIEWS = YES;
				GENERATE_INFOPLIST_FILE = YES;
				INFOPLIST_FILE = GreetingAssignment/Info.plist;
				INFOPLIST_KEY_UIApplicationSceneManifest_Generation = YES;
				INFOPLIST_KEY_UIApplicationSupportsIndirectInputEvents = YES;
				INFOPLIST_KEY_UILaunchScreen_Generation = YES;
				INFOPLIST_KEY_UISupportedInterfaceOrientations = UIInterfaceOrientationPortrait;
				INFOPLIST_KEY_UISupportedInterfaceOrientations_iPad = "UIInterfaceOrientationPortrait UIInterfaceOrientationPortraitUpsideDown";
				LD_RUNPATH_SEARCH_PATHS = (
					"$(inherited)",
					"@executable_path/Frameworks",
				);
				MARKETING_VERSION = 1.0;
				PRODUCT_BUNDLE_IDENTIFIER = lex.GreetingAssignment;
				PRODUCT_NAME = "$(TARGET_NAME)";
				SWIFT_EMIT_LOC_STRINGS = YES;
				SWIFT_VERSION = 5.0;
				TARGETED_DEVICE_FAMILY = "1,2";
			};
			name = Release;
		};
/* End XCBuildConfiguration section */

/* Begin XCConfigurationList section */
		11C681872ADFE88400D1FA24 /* Build configuration list for PBXProject "GreetingAssignment" */ = {
			isa = XCConfigurationList;
			buildConfigurations = (
				11C681982ADFE88600D1FA24 /* Debug */,
				11C681992ADFE88600D1FA24 /* Release */,
			);
			defaultConfigurationIsVisible = 0;
			defaultConfigurationName = Release;
		};
		11C6819A2ADFE88600D1FA24 /* Build configuration list for PBXNativeTarget "GreetingAssignment" */ = {
			isa = XCConfigurationList;
			buildConfigurations = (
				11C6819B2ADFE88600D1FA24 /* Debug */,
				11C6819C2ADFE88600D1FA24 /* Release */,
			);
			defaultConfigurationIsVisible = 0;
			defaultConfigurationName = Release;
		};
/* End XCConfigurationList section */
	};
	rootObject = 11C681842ADFE88400D1FA24 /* Project object */;
}
